// !$*UTF8*$!
{
	archiveVersion = 1;
	classes = {
	};
	objectVersion = 56;
	objects = {

/* Begin PBXBuildFile section */
		4BBE5CCE29B21DD400C16C91 /* AppDelegate.swift in Sources */ = {isa = PBXBuildFile; fileRef = 4BBE5CCD29B21DD400C16C91 /* AppDelegate.swift */; };
		4BBE5CD029B21DD400C16C91 /* SceneDelegate.swift in Sources */ = {isa = PBXBuildFile; fileRef = 4BBE5CCF29B21DD400C16C91 /* SceneDelegate.swift */; };
		4BBE5CD229B21DD400C16C91 /* ViewController.swift in Sources */ = {isa = PBXBuildFile; fileRef = 4BBE5CD129B21DD400C16C91 /* ViewController.swift */; };
		4BBE5CD529B21DD400C16C91 /* Main.storyboard in Resources */ = {isa = PBXBuildFile; fileRef = 4BBE5CD329B21DD400C16C91 /* Main.storyboard */; };
		4BBE5CD729B21DD500C16C91 /* Assets.xcassets in Resources */ = {isa = PBXBuildFile; fileRef = 4BBE5CD629B21DD500C16C91 /* Assets.xcassets */; };
		4BBE5CDA29B21DD500C16C91 /* LaunchScreen.storyboard in Resources */ = {isa = PBXBuildFile; fileRef = 4BBE5CD829B21DD500C16C91 /* LaunchScreen.storyboard */; };
		4BBE5CE529B21DD500C16C91 /* Calc_StackViewTests.swift in Sources */ = {isa = PBXBuildFile; fileRef = 4BBE5CE429B21DD500C16C91 /* Calc_StackViewTests.swift */; };
		4BBE5CEF29B21DD500C16C91 /* Calc_StackViewUITests.swift in Sources */ = {isa = PBXBuildFile; fileRef = 4BBE5CEE29B21DD500C16C91 /* Calc_StackViewUITests.swift */; };
		4BBE5CF129B21DD500C16C91 /* Calc_StackViewUITestsLaunchTests.swift in Sources */ = {isa = PBXBuildFile; fileRef = 4BBE5CF029B21DD500C16C91 /* Calc_StackViewUITestsLaunchTests.swift */; };
/* End PBXBuildFile section */

/* Begin PBXContainerItemProxy section */
		4BBE5CE129B21DD500C16C91 /* PBXContainerItemProxy */ = {
			isa = PBXContainerItemProxy;
			containerPortal = 4BBE5CC229B21DD400C16C91 /* Project object */;
			proxyType = 1;
			remoteGlobalIDString = 4BBE5CC929B21DD400C16C91;
			remoteInfo = Calc_StackView;
		};
		4BBE5CEB29B21DD500C16C91 /* PBXContainerItemProxy */ = {
			isa = PBXContainerItemProxy;
			containerPortal = 4BBE5CC229B21DD400C16C91 /* Project object */;
			proxyType = 1;
			remoteGlobalIDString = 4BBE5CC929B21DD400C16C91;
			remoteInfo = Calc_StackView;
		};
/* End PBXContainerItemProxy section */

/* Begin PBXFileReference section */
		4BBE5CCA29B21DD400C16C91 /* Calc_StackView.app */ = {isa = PBXFileReference; explicitFileType = wrapper.application; includeInIndex = 0; path = Calc_StackView.app; sourceTree = BUILT_PRODUCTS_DIR; };
		4BBE5CCD29B21DD400C16C91 /* AppDelegate.swift */ = {isa = PBXFileReference; lastKnownFileType = sourcecode.swift; path = AppDelegate.swift; sourceTree = "<group>"; };
		4BBE5CCF29B21DD400C16C91 /* SceneDelegate.swift */ = {isa = PBXFileReference; lastKnownFileType = sourcecode.swift; path = SceneDelegate.swift; sourceTree = "<group>"; };
		4BBE5CD129B21DD400C16C91 /* ViewController.swift */ = {isa = PBXFileReference; lastKnownFileType = sourcecode.swift; path = ViewController.swift; sourceTree = "<group>"; };
		4BBE5CD429B21DD400C16C91 /* Base */ = {isa = PBXFileReference; lastKnownFileType = file.storyboard; name = Base; path = Base.lproj/Main.storyboard; sourceTree = "<group>"; };
		4BBE5CD629B21DD500C16C91 /* Assets.xcassets */ = {isa = PBXFileReference; lastKnownFileType = folder.assetcatalog; path = Assets.xcassets; sourceTree = "<group>"; };
		4BBE5CD929B21DD500C16C91 /* Base */ = {isa = PBXFileReference; lastKnownFileType = file.storyboard; name = Base; path = Base.lproj/LaunchScreen.storyboard; sourceTree = "<group>"; };
		4BBE5CDB29B21DD500C16C91 /* Info.plist */ = {isa = PBXFileReference; lastKnownFileType = text.plist.xml; path = Info.plist; sourceTree = "<group>"; };
		4BBE5CE029B21DD500C16C91 /* Calc_StackViewTests.xctest */ = {isa = PBXFileReference; explicitFileType = wrapper.cfbundle; includeInIndex = 0; path = Calc_StackViewTests.xctest; sourceTree = BUILT_PRODUCTS_DIR; };
		4BBE5CE429B21DD500C16C91 /* Calc_StackViewTests.swift */ = {isa = PBXFileReference; lastKnownFileType = sourcecode.swift; path = Calc_StackViewTests.swift; sourceTree = "<group>"; };
		4BBE5CEA29B21DD500C16C91 /* Calc_StackViewUITests.xctest */ = {isa = PBXFileReference; explicitFileType = wrapper.cfbundle; includeInIndex = 0; path = Calc_StackViewUITests.xctest; sourceTree = BUILT_PRODUCTS_DIR; };
		4BBE5CEE29B21DD500C16C91 /* Calc_StackViewUITests.swift */ = {isa = PBXFileReference; lastKnownFileType = sourcecode.swift; path = Calc_StackViewUITests.swift; sourceTree = "<group>"; };
		4BBE5CF029B21DD500C16C91 /* Calc_StackViewUITestsLaunchTests.swift */ = {isa = PBXFileReference; lastKnownFileType = sourcecode.swift; path = Calc_StackViewUITestsLaunchTests.swift; sourceTree = "<group>"; };
/* End PBXFileReference section */

/* Begin PBXFrameworksBuildPhase section */
		4BBE5CC729B21DD400C16C91 /* Frameworks */ = {
			isa = PBXFrameworksBuildPhase;
			buildActionMask = 2147483647;
			files = (
			);
			runOnlyForDeploymentPostprocessing = 0;
		};
		4BBE5CDD29B21DD500C16C91 /* Frameworks */ = {
			isa = PBXFrameworksBuildPhase;
			buildActionMask = 2147483647;
			files = (
			);
			runOnlyForDeploymentPostprocessing = 0;
		};
		4BBE5CE729B21DD500C16C91 /* Frameworks */ = {
			isa = PBXFrameworksBuildPhase;
			buildActionMask = 2147483647;
			files = (
			);
			runOnlyForDeploymentPostprocessing = 0;
		};
/* End PBXFrameworksBuildPhase section */

/* Begin PBXGroup section */
		4BBE5CC129B21DD400C16C91 = {
			isa = PBXGroup;
			children = (
				4BBE5CCC29B21DD400C16C91 /* Calc_StackView */,
				4BBE5CE329B21DD500C16C91 /* Calc_StackViewTests */,
				4BBE5CED29B21DD500C16C91 /* Calc_StackViewUITests */,
				4BBE5CCB29B21DD400C16C91 /* Products */,
			);
			sourceTree = "<group>";
		};
		4BBE5CCB29B21DD400C16C91 /* Products */ = {
			isa = PBXGroup;
			children = (
				4BBE5CCA29B21DD400C16C91 /* Calc_StackView.app */,
				4BBE5CE029B21DD500C16C91 /* Calc_StackViewTests.xctest */,
				4BBE5CEA29B21DD500C16C91 /* Calc_StackViewUITests.xctest */,
			);
			name = Products;
			sourceTree = "<group>";
		};
		4BBE5CCC29B21DD400C16C91 /* Calc_StackView */ = {
			isa = PBXGroup;
			children = (
				4BBE5CCD29B21DD400C16C91 /* AppDelegate.swift */,
				4BBE5CCF29B21DD400C16C91 /* SceneDelegate.swift */,
				4BBE5CD129B21DD400C16C91 /* ViewController.swift */,
				4BBE5CD329B21DD400C16C91 /* Main.storyboard */,
				4BBE5CD629B21DD500C16C91 /* Assets.xcassets */,
				4BBE5CD829B21DD500C16C91 /* LaunchScreen.storyboard */,
				4BBE5CDB29B21DD500C16C91 /* Info.plist */,
			);
			path = Calc_StackView;
			sourceTree = "<group>";
		};
		4BBE5CE329B21DD500C16C91 /* Calc_StackViewTests */ = {
			isa = PBXGroup;
			children = (
				4BBE5CE429B21DD500C16C91 /* Calc_StackViewTests.swift */,
			);
			path = Calc_StackViewTests;
			sourceTree = "<group>";
		};
		4BBE5CED29B21DD500C16C91 /* Calc_StackViewUITests */ = {
			isa = PBXGroup;
			children = (
				4BBE5CEE29B21DD500C16C91 /* Calc_StackViewUITests.swift */,
				4BBE5CF029B21DD500C16C91 /* Calc_StackViewUITestsLaunchTests.swift */,
			);
			path = Calc_StackViewUITests;
			sourceTree = "<group>";
		};
/* End PBXGroup section */

/* Begin PBXNativeTarget section */
		4BBE5CC929B21DD400C16C91 /* Calc_StackView */ = {
			isa = PBXNativeTarget;
			buildConfigurationList = 4BBE5CF429B21DD600C16C91 /* Build configuration list for PBXNativeTarget "Calc_StackView" */;
			buildPhases = (
				4BBE5CC629B21DD400C16C91 /* Sources */,
				4BBE5CC729B21DD400C16C91 /* Frameworks */,
				4BBE5CC829B21DD400C16C91 /* Resources */,
			);
			buildRules = (
			);
			dependencies = (
			);
			name = Calc_StackView;
			productName = Calc_StackView;
			productReference = 4BBE5CCA29B21DD400C16C91 /* Calc_StackView.app */;
			productType = "com.apple.product-type.application";
		};
		4BBE5CDF29B21DD500C16C91 /* Calc_StackViewTests */ = {
			isa = PBXNativeTarget;
			buildConfigurationList = 4BBE5CF729B21DD600C16C91 /* Build configuration list for PBXNativeTarget "Calc_StackViewTests" */;
			buildPhases = (
				4BBE5CDC29B21DD500C16C91 /* Sources */,
				4BBE5CDD29B21DD500C16C91 /* Frameworks */,
				4BBE5CDE29B21DD500C16C91 /* Resources */,
			);
			buildRules = (
			);
			dependencies = (
				4BBE5CE229B21DD500C16C91 /* PBXTargetDependency */,
			);
			name = Calc_StackViewTests;
			productName = Calc_StackViewTests;
			productReference = 4BBE5CE029B21DD500C16C91 /* Calc_StackViewTests.xctest */;
			productType = "com.apple.product-type.bundle.unit-test";
		};
		4BBE5CE929B21DD500C16C91 /* Calc_StackViewUITests */ = {
			isa = PBXNativeTarget;
			buildConfigurationList = 4BBE5CFA29B21DD600C16C91 /* Build configuration list for PBXNativeTarget "Calc_StackViewUITests" */;
			buildPhases = (
				4BBE5CE629B21DD500C16C91 /* Sources */,
				4BBE5CE729B21DD500C16C91 /* Frameworks */,
				4BBE5CE829B21DD500C16C91 /* Resources */,
			);
			buildRules = (
			);
			dependencies = (
				4BBE5CEC29B21DD500C16C91 /* PBXTargetDependency */,
			);
			name = Calc_StackViewUITests;
			productName = Calc_StackViewUITests;
			productReference = 4BBE5CEA29B21DD500C16C91 /* Calc_StackViewUITests.xctest */;
			productType = "com.apple.product-type.bundle.ui-testing";
		};
/* End PBXNativeTarget section */

/* Begin PBXProject section */
		4BBE5CC229B21DD400C16C91 /* Project object */ = {
			isa = PBXProject;
			attributes = {
				BuildIndependentTargetsInParallel = 1;
				LastSwiftUpdateCheck = 1420;
				LastUpgradeCheck = 1420;
				TargetAttributes = {
					4BBE5CC929B21DD400C16C91 = {
						CreatedOnToolsVersion = 14.2;
					};
					4BBE5CDF29B21DD500C16C91 = {
						CreatedOnToolsVersion = 14.2;
						TestTargetID = 4BBE5CC929B21DD400C16C91;
					};
					4BBE5CE929B21DD500C16C91 = {
						CreatedOnToolsVersion = 14.2;
						TestTargetID = 4BBE5CC929B21DD400C16C91;
					};
				};
			};
			buildConfigurationList = 4BBE5CC529B21DD400C16C91 /* Build configuration list for PBXProject "Calc_StackView" */;
			compatibilityVersion = "Xcode 14.0";
			developmentRegion = en;
			hasScannedForEncodings = 0;
			knownRegions = (
				en,
				Base,
			);
			mainGroup = 4BBE5CC129B21DD400C16C91;
			productRefGroup = 4BBE5CCB29B21DD400C16C91 /* Products */;
			projectDirPath = "";
			projectRoot = "";
			targets = (
				4BBE5CC929B21DD400C16C91 /* Calc_StackView */,
				4BBE5CDF29B21DD500C16C91 /* Calc_StackViewTests */,
				4BBE5CE929B21DD500C16C91 /* Calc_StackViewUITests */,
			);
		};
/* End PBXProject section */

/* Begin PBXResourcesBuildPhase section */
		4BBE5CC829B21DD400C16C91 /* Resources */ = {
			isa = PBXResourcesBuildPhase;
			buildActionMask = 2147483647;
			files = (
				4BBE5CDA29B21DD500C16C91 /* LaunchScreen.storyboard in Resources */,
				4BBE5CD729B21DD500C16C91 /* Assets.xcassets in Resources */,
				4BBE5CD529B21DD400C16C91 /* Main.storyboard in Resources */,
			);
			runOnlyForDeploymentPostprocessing = 0;
		};
		4BBE5CDE29B21DD500C16C91 /* Resources */ = {
			isa = PBXResourcesBuildPhase;
			buildActionMask = 2147483647;
			files = (
			);
			runOnlyForDeploymentPostprocessing = 0;
		};
		4BBE5CE829B21DD500C16C91 /* Resources */ = {
			isa = PBXResourcesBuildPhase;
			buildActionMask = 2147483647;
			files = (
			);
			runOnlyForDeploymentPostprocessing = 0;
		};
/* End PBXResourcesBuildPhase section */

/* Begin PBXSourcesBuildPhase section */
		4BBE5CC629B21DD400C16C91 /* Sources */ = {
			isa = PBXSourcesBuildPhase;
			buildActionMask = 2147483647;
			files = (
				4BBE5CD229B21DD400C16C91 /* ViewController.swift in Sources */,
				4BBE5CCE29B21DD400C16C91 /* AppDelegate.swift in Sources */,
				4BBE5CD029B21DD400C16C91 /* SceneDelegate.swift in Sources */,
			);
			runOnlyForDeploymentPostprocessing = 0;
		};
		4BBE5CDC29B21DD500C16C91 /* Sources */ = {
			isa = PBXSourcesBuildPhase;
			buildActionMask = 2147483647;
			files = (
				4BBE5CE529B21DD500C16C91 /* Calc_StackViewTests.swift in Sources */,
			);
			runOnlyForDeploymentPostprocessing = 0;
		};
		4BBE5CE629B21DD500C16C91 /* Sources */ = {
			isa = PBXSourcesBuildPhase;
			buildActionMask = 2147483647;
			files = (
				4BBE5CEF29B21DD500C16C91 /* Calc_StackViewUITests.swift in Sources */,
				4BBE5CF129B21DD500C16C91 /* Calc_StackViewUITestsLaunchTests.swift in Sources */,
			);
			runOnlyForDeploymentPostprocessing = 0;
		};
/* End PBXSourcesBuildPhase section */

/* Begin PBXTargetDependency section */
		4BBE5CE229B21DD500C16C91 /* PBXTargetDependency */ = {
			isa = PBXTargetDependency;
			target = 4BBE5CC929B21DD400C16C91 /* Calc_StackView */;
			targetProxy = 4BBE5CE129B21DD500C16C91 /* PBXContainerItemProxy */;
		};
		4BBE5CEC29B21DD500C16C91 /* PBXTargetDependency */ = {
			isa = PBXTargetDependency;
			target = 4BBE5CC929B21DD400C16C91 /* Calc_StackView */;
			targetProxy = 4BBE5CEB29B21DD500C16C91 /* PBXContainerItemProxy */;
		};
/* End PBXTargetDependency section */

/* Begin PBXVariantGroup section */
		4BBE5CD329B21DD400C16C91 /* Main.storyboard */ = {
			isa = PBXVariantGroup;
			children = (
				4BBE5CD429B21DD400C16C91 /* Base */,
			);
			name = Main.storyboard;
			sourceTree = "<group>";
		};
		4BBE5CD829B21DD500C16C91 /* LaunchScreen.storyboard */ = {
			isa = PBXVariantGroup;
			children = (
				4BBE5CD929B21DD500C16C91 /* Base */,
			);
			name = LaunchScreen.storyboard;
			sourceTree = "<group>";
		};
/* End PBXVariantGroup section */

/* Begin XCBuildConfiguration section */
		4BBE5CF229B21DD600C16C91 /* Debug */ = {
			isa = XCBuildConfiguration;
			buildSettings = {
				ALWAYS_SEARCH_USER_PATHS = NO;
				CLANG_ANALYZER_NONNULL = YES;
				CLANG_ANALYZER_NUMBER_OBJECT_CONVERSION = YES_AGGRESSIVE;
				CLANG_CXX_LANGUAGE_STANDARD = "gnu++20";
				CLANG_ENABLE_MODULES = YES;
				CLANG_ENABLE_OBJC_ARC = YES;
				CLANG_ENABLE_OBJC_WEAK = YES;
				CLANG_WARN_BLOCK_CAPTURE_AUTORELEASING = YES;
				CLANG_WARN_BOOL_CONVERSION = YES;
				CLANG_WARN_COMMA = YES;
				CLANG_WARN_CONSTANT_CONVERSION = YES;
				CLANG_WARN_DEPRECATED_OBJC_IMPLEMENTATIONS = YES;
				CLANG_WARN_DIRECT_OBJC_ISA_USAGE = YES_ERROR;
				CLANG_WARN_DOCUMENTATION_COMMENTS = YES;
				CLANG_WARN_EMPTY_BODY = YES;
				CLANG_WARN_ENUM_CONVERSION = YES;
				CLANG_WARN_INFINITE_RECURSION = YES;
				CLANG_WARN_INT_CONVERSION = YES;
				CLANG_WARN_NON_LITERAL_NULL_CONVERSION = YES;
				CLANG_WARN_OBJC_IMPLICIT_RETAIN_SELF = YES;
				CLANG_WARN_OBJC_LITERAL_CONVERSION = YES;
				CLANG_WARN_OBJC_ROOT_CLASS = YES_ERROR;
				CLANG_WARN_QUOTED_INCLUDE_IN_FRAMEWORK_HEADER = YES;
				CLANG_WARN_RANGE_LOOP_ANALYSIS = YES;
				CLANG_WARN_STRICT_PROTOTYPES = YES;
				CLANG_WARN_SUSPICIOUS_MOVE = YES;
				CLANG_WARN_UNGUARDED_AVAILABILITY = YES_AGGRESSIVE;
				CLANG_WARN_UNREACHABLE_CODE = YES;
				CLANG_WARN__DUPLICATE_METHOD_MATCH = YES;
				COPY_PHASE_STRIP = NO;
				DEBUG_INFORMATION_FORMAT = dwarf;
				ENABLE_STRICT_OBJC_MSGSEND = YES;
				ENABLE_TESTABILITY = YES;
				GCC_C_LANGUAGE_STANDARD = gnu11;
				GCC_DYNAMIC_NO_PIC = NO;
				GCC_NO_COMMON_BLOCKS = YES;
				GCC_OPTIMIZATION_LEVEL = 0;
				GCC_PREPROCESSOR_DEFINITIONS = (
					"DEBUG=1",
					"$(inherited)",
				);
				GCC_WARN_64_TO_32_BIT_CONVERSION = YES;
				GCC_WARN_ABOUT_RETURN_TYPE = YES_ERROR;
				GCC_WARN_UNDECLARED_SELECTOR = YES;
				GCC_WARN_UNINITIALIZED_AUTOS = YES_AGGRESSIVE;
				GCC_WARN_UNUSED_FUNCTION = YES;
				GCC_WARN_UNUSED_VARIABLE = YES;
				IPHONEOS_DEPLOYMENT_TARGET = 16.2;
				MTL_ENABLE_DEBUG_INFO = INCLUDE_SOURCE;
				MTL_FAST_MATH = YES;
				ONLY_ACTIVE_ARCH = YES;
				SDKROOT = iphoneos;
				SWIFT_ACTIVE_COMPILATION_CONDITIONS = DEBUG;
				SWIFT_OPTIMIZATION_LEVEL = "-Onone";
			};
			name = Debug;
		};
		4BBE5CF329B21DD600C16C91 /* Release */ = {
			isa = XCBuildConfiguration;
			buildSettings = {
				ALWAYS_SEARCH_USER_PATHS = NO;
				CLANG_ANALYZER_NONNULL = YES;
				CLANG_ANALYZER_NUMBER_OBJECT_CONVERSION = YES_AGGRESSIVE;
				CLANG_CXX_LANGUAGE_STANDARD = "gnu++20";
				CLANG_ENABLE_MODULES = YES;
				CLANG_ENABLE_OBJC_ARC = YES;
				CLANG_ENABLE_OBJC_WEAK = YES;
				CLANG_WARN_BLOCK_CAPTURE_AUTORELEASING = YES;
				CLANG_WARN_BOOL_CONVERSION = YES;
				CLANG_WARN_COMMA = YES;
				CLANG_WARN_CONSTANT_CONVERSION = YES;
				CLANG_WARN_DEPRECATED_OBJC_IMPLEMENTATIONS = YES;
				CLANG_WARN_DIRECT_OBJC_ISA_USAGE = YES_ERROR;
				CLANG_WARN_DOCUMENTATION_COMMENTS = YES;
				CLANG_WARN_EMPTY_BODY = YES;
				CLANG_WARN_ENUM_CONVERSION = YES;
				CLANG_WARN_INFINITE_RECURSION = YES;
				CLANG_WARN_INT_CONVERSION = YES;
				CLANG_WARN_NON_LITERAL_NULL_CONVERSION = YES;
				CLANG_WARN_OBJC_IMPLICIT_RETAIN_SELF = YES;
				CLANG_WARN_OBJC_LITERAL_CONVERSION = YES;
				CLANG_WARN_OBJC_ROOT_CLASS = YES_ERROR;
				CLANG_WARN_QUOTED_INCLUDE_IN_FRAMEWORK_HEADER = YES;
				CLANG_WARN_RANGE_LOOP_ANALYSIS = YES;
				CLANG_WARN_STRICT_PROTOTYPES = YES;
				CLANG_WARN_SUSPICIOUS_MOVE = YES;
				CLANG_WARN_UNGUARDED_AVAILABILITY = YES_AGGRESSIVE;
				CLANG_WARN_UNREACHABLE_CODE = YES;
				CLANG_WARN__DUPLICATE_METHOD_MATCH = YES;
				COPY_PHASE_STRIP = NO;
				DEBUG_INFORMATION_FORMAT = "dwarf-with-dsym";
				ENABLE_NS_ASSERTIONS = NO;
				ENABLE_STRICT_OBJC_MSGSEND = YES;
				GCC_C_LANGUAGE_STANDARD = gnu11;
				GCC_NO_COMMON_BLOCKS = YES;
				GCC_WARN_64_TO_32_BIT_CONVERSION = YES;
				GCC_WARN_ABOUT_RETURN_TYPE = YES_ERROR;
				GCC_WARN_UNDECLARED_SELECTOR = YES;
				GCC_WARN_UNINITIALIZED_AUTOS = YES_AGGRESSIVE;
				GCC_WARN_UNUSED_FUNCTION = YES;
				GCC_WARN_UNUSED_VARIABLE = YES;
				IPHONEOS_DEPLOYMENT_TARGET = 16.2;
				MTL_ENABLE_DEBUG_INFO = NO;
				MTL_FAST_MATH = YES;
				SDKROOT = iphoneos;
				SWIFT_COMPILATION_MODE = wholemodule;
				SWIFT_OPTIMIZATION_LEVEL = "-O";
				VALIDATE_PRODUCT = YES;
			};
			name = Release;
		};
		4BBE5CF529B21DD600C16C91 /* Debug */ = {
			isa = XCBuildConfiguration;
			buildSettings = {
				ASSETCATALOG_COMPILER_APPICON_NAME = AppIcon;
				ASSETCATALOG_COMPILER_GLOBAL_ACCENT_COLOR_NAME = AccentColor;
				CODE_SIGN_STYLE = Automatic;
				CURRENT_PROJECT_VERSION = 1;
				DEVELOPMENT_TEAM = GHGPAZGBBT;
				GENERATE_INFOPLIST_FILE = YES;
				INFOPLIST_FILE = Calc_StackView/Info.plist;
				INFOPLIST_KEY_UIApplicationSupportsIndirectInputEvents = YES;
				INFOPLIST_KEY_UILaunchStoryboardName = LaunchScreen;
				INFOPLIST_KEY_UIMainStoryboardFile = Main;
				INFOPLIST_KEY_UISupportedInterfaceOrientations_iPad = "UIInterfaceOrientationPortrait UIInterfaceOrientationPortraitUpsideDown UIInterfaceOrientationLandscapeLeft UIInterfaceOrientationLandscapeRight";
				INFOPLIST_KEY_UISupportedInterfaceOrientations_iPhone = "UIInterfaceOrientationPortrait UIInterfaceOrientationLandscapeLeft UIInterfaceOrientationLandscapeRight";
				LD_RUNPATH_SEARCH_PATHS = (
					"$(inherited)",
					"@executable_path/Frameworks",
				);
				MARKETING_VERSION = 1.0;
				PRODUCT_BUNDLE_IDENTIFIER = "Daejeon-University.Calc-StackView";
				PRODUCT_NAME = "$(TARGET_NAME)";
				SWIFT_EMIT_LOC_STRINGS = YES;
				SWIFT_VERSION = 5.0;
				TARGETED_DEVICE_FAMILY = "1,2";
			};
			name = Debug;
		};
		4BBE5CF629B21DD600C16C91 /* Release */ = {
			isa = XCBuildConfiguration;
			buildSettings = {
				ASSETCATALOG_COMPILER_APPICON_NAME = AppIcon;
				ASSETCATALOG_COMPILER_GLOBAL_ACCENT_COLOR_NAME = AccentColor;
				CODE_SIGN_STYLE = Automatic;
				CURRENT_PROJECT_VERSION = 1;
				DEVELOPMENT_TEAM = GHGPAZGBBT;
				GENERATE_INFOPLIST_FILE = YES;
				INFOPLIST_FILE = Calc_StackView/Info.plist;
				INFOPLIST_KEY_UIApplicationSupportsIndirectInputEvents = YES;
				INFOPLIST_KEY_UILaunchStoryboardName = LaunchScreen;
				INFOPLIST_KEY_UIMainStoryboardFile = Main;
				INFOPLIST_KEY_UISupportedInterfaceOrientations_iPad = "UIInterfaceOrientationPortrait UIInterfaceOrientationPortraitUpsideDown UIInterfaceOrientationLandscapeLeft UIInterfaceOrientationLandscapeRight";
				INFOPLIST_KEY_UISupportedInterfaceOrientations_iPhone = "UIInterfaceOrientationPortrait UIInterfaceOrientationLandscapeLeft UIInterfaceOrientationLandscapeRight";
				LD_RUNPATH_SEARCH_PATHS = (
					"$(inherited)",
					"@executable_path/Frameworks",
				);
				MARKETING_VERSION = 1.0;
				PRODUCT_BUNDLE_IDENTIFIER = "Daejeon-University.Calc-StackView";
				PRODUCT_NAME = "$(TARGET_NAME)";
				SWIFT_EMIT_LOC_STRINGS = YES;
				SWIFT_VERSION = 5.0;
				TARGETED_DEVICE_FAMILY = "1,2";
			};
			name = Release;
		};
		4BBE5CF829B21DD600C16C91 /* Debug */ = {
			isa = XCBuildConfiguration;
			buildSettings = {
				ALWAYS_EMBED_SWIFT_STANDARD_LIBRARIES = YES;
				BUNDLE_LOADER = "$(TEST_HOST)";
				CODE_SIGN_STYLE = Automatic;
				CURRENT_PROJECT_VERSION = 1;
				GENERATE_INFOPLIST_FILE = YES;
				IPHONEOS_DEPLOYMENT_TARGET = 16.2;
				MARKETING_VERSION = 1.0;
				PRODUCT_BUNDLE_IDENTIFIER = "Daejeon-University.Calc-StackViewTests";
				PRODUCT_NAME = "$(TARGET_NAME)";
				SWIFT_EMIT_LOC_STRINGS = NO;
				SWIFT_VERSION = 5.0;
				TARGETED_DEVICE_FAMILY = "1,2";
				TEST_HOST = "$(BUILT_PRODUCTS_DIR)/Calc_StackView.app/$(BUNDLE_EXECUTABLE_FOLDER_PATH)/Calc_StackView";
			};
			name = Debug;
		};
		4BBE5CF929B21DD600C16C91 /* Release */ = {
			isa = XCBuildConfiguration;
			buildSettings = {
				ALWAYS_EMBED_SWIFT_STANDARD_LIBRARIES = YES;
				BUNDLE_LOADER = "$(TEST_HOST)";
				CODE_SIGN_STYLE = Automatic;
				CURRENT_PROJECT_VERSION = 1;
				GENERATE_INFOPLIST_FILE = YES;
				IPHONEOS_DEPLOYMENT_TARGET = 16.2;
				MARKETING_VERSION = 1.0;
				PRODUCT_BUNDLE_IDENTIFIER = "Daejeon-University.Calc-StackViewTests";
				PRODUCT_NAME = "$(TARGET_NAME)";
				SWIFT_EMIT_LOC_STRINGS = NO;
				SWIFT_VERSION = 5.0;
				TARGETED_DEVICE_FAMILY = "1,2";
				TEST_HOST = "$(BUILT_PRODUCTS_DIR)/Calc_StackView.app/$(BUNDLE_EXECUTABLE_FOLDER_PATH)/Calc_StackView";
			};
			name = Release;
		};
		4BBE5CFB29B21DD600C16C91 /* Debug */ = {
			isa = XCBuildConfiguration;
			buildSettings = {
				ALWAYS_EMBED_SWIFT_STANDARD_LIBRARIES = YES;
				CODE_SIGN_STYLE = Automatic;
				CURRENT_PROJECT_VERSION = 1;
				GENERATE_INFOPLIST_FILE = YES;
				MARKETING_VERSION = 1.0;
				PRODUCT_BUNDLE_IDENTIFIER = "Daejeon-University.Calc-StackViewUITests";
				PRODUCT_NAME = "$(TARGET_NAME)";
				SWIFT_EMIT_LOC_STRINGS = NO;
				SWIFT_VERSION = 5.0;
				TARGETED_DEVICE_FAMILY = "1,2";
				TEST_TARGET_NAME = Calc_StackView;
			};
			name = Debug;
		};
		4BBE5CFC29B21DD600C16C91 /* Release */ = {
			isa = XCBuildConfiguration;
			buildSettings = {
				ALWAYS_EMBED_SWIFT_STANDARD_LIBRARIES = YES;
				CODE_SIGN_STYLE = Automatic;
				CURRENT_PROJECT_VERSION = 1;
				GENERATE_INFOPLIST_FILE = YES;
				MARKETING_VERSION = 1.0;
				PRODUCT_BUNDLE_IDENTIFIER = "Daejeon-University.Calc-StackViewUITests";
				PRODUCT_NAME = "$(TARGET_NAME)";
				SWIFT_EMIT_LOC_STRINGS = NO;
				SWIFT_VERSION = 5.0;
				TARGETED_DEVICE_FAMILY = "1,2";
				TEST_TARGET_NAME = Calc_StackView;
			};
			name = Release;
		};
/* End XCBuildConfiguration section */

/* Begin XCConfigurationList section */
		4BBE5CC529B21DD400C16C91 /* Build configuration list for PBXProject "Calc_StackView" */ = {
			isa = XCConfigurationList;
			buildConfigurations = (
				4BBE5CF229B21DD600C16C91 /* Debug */,
				4BBE5CF329B21DD600C16C91 /* Release */,
			);
			defaultConfigurationIsVisible = 0;
			defaultConfigurationName = Release;
		};
		4BBE5CF429B21DD600C16C91 /* Build configuration list for PBXNativeTarget "Calc_StackView" */ = {
			isa = XCConfigurationList;
			buildConfigurations = (
				4BBE5CF529B21DD600C16C91 /* Debug */,
				4BBE5CF629B21DD600C16C91 /* Release */,
			);
			defaultConfigurationIsVisible = 0;
			defaultConfigurationName = Release;
		};
		4BBE5CF729B21DD600C16C91 /* Build configuration list for PBXNativeTarget "Calc_StackViewTests" */ = {
			isa = XCConfigurationList;
			buildConfigurations = (
				4BBE5CF829B21DD600C16C91 /* Debug */,
				4BBE5CF929B21DD600C16C91 /* Release */,
			);
			defaultConfigurationIsVisible = 0;
			defaultConfigurationName = Release;
		};
		4BBE5CFA29B21DD600C16C91 /* Build configuration list for PBXNativeTarget "Calc_StackViewUITests" */ = {
			isa = XCConfigurationList;
			buildConfigurations = (
				4BBE5CFB29B21DD600C16C91 /* Debug */,
				4BBE5CFC29B21DD600C16C91 /* Release */,
			);
			defaultConfigurationIsVisible = 0;
			defaultConfigurationName = Release;
		};
/* End XCConfigurationList section */
	};
	rootObject = 4BBE5CC229B21DD400C16C91 /* Project object */;
}
